
Microsoft Visual Studio Solution File, Format Version 12.00
# Visual Studio 15
VisualStudioVersion = 15.0.28307.1340
MinimumVisualStudioVersion = 10.0.40219.1
Project("{8BC9CEB8-8B4A-11D0-8D11-00A0C91BC942}") = "연습문제", "연습문제.vcxproj", "{CDBE467A-02C6-4AC2-A659-ACF10FEFC083}"
EndProject
Global
	GlobalSection(SolutionConfigurationPlatforms) = preSolution
		Debug|x64 = Debug|x64
		Debug|x86 = Debug|x86
		Release|x64 = Release|x64
		Release|x86 = Release|x86
	EndGlobalSection
	GlobalSection(ProjectConfigurationPlatforms) = postSolution
		{CDBE467A-02C6-4AC2-A659-ACF10FEFC083}.Debug|x64.ActiveCfg = Debug|x64
		{CDBE467A-02C6-4AC2-A659-ACF10FEFC083}.Debug|x64.Build.0 = Debug|x64
		{CDBE467A-02C6-4AC2-A659-ACF10FEFC083}.Debug|x86.ActiveCfg = Debug|Win32
		{CDBE467A-02C6-4AC2-A659-ACF10FEFC083}.Debug|x86.Build.0 = Debug|Win32
		{CDBE467A-02C6-4AC2-A659-ACF10FEFC083}.Release|x64.ActiveCfg = Release|x64
		{CDBE467A-02C6-4AC2-A659-ACF10FEFC083}.Release|x64.Build.0 = Release|x64
		{CDBE467A-02C6-4AC2-A659-ACF10FEFC083}.Release|x86.ActiveCfg = Release|Win32
		{CDBE467A-02C6-4AC2-A659-ACF10FEFC083}.Release|x86.Build.0 = Release|Win32
	EndGlobalSection
	GlobalSection(SolutionProperties) = preSolution
		HideSolutionNode = FALSE
	EndGlobalSection
	GlobalSection(ExtensibilityGlobals) = postSolution
		SolutionGuid = {75957DF2-0074-488B-9AAD-8B2483D8F372}
	EndGlobalSection
EndGlobal
